// !$*UTF8*$!
{
	archiveVersion = 1;
	classes = {
	};
	objectVersion = 56;
	objects = {

/* Begin PBXBuildFile section */
		303CE9B52C8B568D00E3D49B /* SquadsApp.swift in Sources */ = {isa = PBXBuildFile; fileRef = 303CE9B42C8B568D00E3D49B /* SquadsApp.swift */; };
		303CE9B92C8B568E00E3D49B /* Assets.xcassets in Resources */ = {isa = PBXBuildFile; fileRef = 303CE9B82C8B568E00E3D49B /* Assets.xcassets */; };
		303CE9BD2C8B568E00E3D49B /* Preview Assets.xcassets in Resources */ = {isa = PBXBuildFile; fileRef = 303CE9BC2C8B568E00E3D49B /* Preview Assets.xcassets */; };
		303CE9CB2C8B58B800E3D49B /* ContentView.swift in Sources */ = {isa = PBXBuildFile; fileRef = 303CE9CA2C8B58B800E3D49B /* ContentView.swift */; };
		303CE9CD2C8B58D800E3D49B /* RootTabView.swift in Sources */ = {isa = PBXBuildFile; fileRef = 303CE9CC2C8B58D800E3D49B /* RootTabView.swift */; };
		303CE9CF2C8B590600E3D49B /* RootTabItem.swift in Sources */ = {isa = PBXBuildFile; fileRef = 303CE9CE2C8B590600E3D49B /* RootTabItem.swift */; };
		303CE9D32C8B5A0F00E3D49B /* SquadsNavigationView.swift in Sources */ = {isa = PBXBuildFile; fileRef = 303CE9D22C8B5A0F00E3D49B /* SquadsNavigationView.swift */; };
		303CE9D92C8B5BB900E3D49B /* ProfileNavigationView.swift in Sources */ = {isa = PBXBuildFile; fileRef = 303CE9D82C8B5BB900E3D49B /* ProfileNavigationView.swift */; };
		303CE9DB2C8B5BC700E3D49B /* MessagesNavigationView.swift in Sources */ = {isa = PBXBuildFile; fileRef = 303CE9DA2C8B5BC700E3D49B /* MessagesNavigationView.swift */; };
		303CE9DD2C8B5BD800E3D49B /* CreateNavigationView.swift in Sources */ = {isa = PBXBuildFile; fileRef = 303CE9DC2C8B5BD800E3D49B /* CreateNavigationView.swift */; };
		303CE9E02C8B5BEF00E3D49B /* ExploreNavigationView.swift in Sources */ = {isa = PBXBuildFile; fileRef = 303CE9DF2C8B5BEF00E3D49B /* ExploreNavigationView.swift */; };
/* End PBXBuildFile section */

/* Begin PBXFileReference section */
		303CE9B12C8B568D00E3D49B /* Squads.app */ = {isa = PBXFileReference; explicitFileType = wrapper.application; includeInIndex = 0; path = Squads.app; sourceTree = BUILT_PRODUCTS_DIR; };
		303CE9B42C8B568D00E3D49B /* SquadsApp.swift */ = {isa = PBXFileReference; lastKnownFileType = sourcecode.swift; path = SquadsApp.swift; sourceTree = "<group>"; };
		303CE9B82C8B568E00E3D49B /* Assets.xcassets */ = {isa = PBXFileReference; lastKnownFileType = folder.assetcatalog; path = Assets.xcassets; sourceTree = "<group>"; };
		303CE9BA2C8B568E00E3D49B /* Squads.entitlements */ = {isa = PBXFileReference; lastKnownFileType = text.plist.entitlements; path = Squads.entitlements; sourceTree = "<group>"; };
		303CE9BC2C8B568E00E3D49B /* Preview Assets.xcassets */ = {isa = PBXFileReference; lastKnownFileType = folder.assetcatalog; path = "Preview Assets.xcassets"; sourceTree = "<group>"; };
		303CE9CA2C8B58B800E3D49B /* ContentView.swift */ = {isa = PBXFileReference; lastKnownFileType = sourcecode.swift; path = ContentView.swift; sourceTree = "<group>"; };
		303CE9CC2C8B58D800E3D49B /* RootTabView.swift */ = {isa = PBXFileReference; lastKnownFileType = sourcecode.swift; path = RootTabView.swift; sourceTree = "<group>"; };
		303CE9CE2C8B590600E3D49B /* RootTabItem.swift */ = {isa = PBXFileReference; lastKnownFileType = sourcecode.swift; path = RootTabItem.swift; sourceTree = "<group>"; };
		303CE9D22C8B5A0F00E3D49B /* SquadsNavigationView.swift */ = {isa = PBXFileReference; lastKnownFileType = sourcecode.swift; path = SquadsNavigationView.swift; sourceTree = "<group>"; };
		303CE9D82C8B5BB900E3D49B /* ProfileNavigationView.swift */ = {isa = PBXFileReference; lastKnownFileType = sourcecode.swift; path = ProfileNavigationView.swift; sourceTree = "<group>"; };
		303CE9DA2C8B5BC700E3D49B /* MessagesNavigationView.swift */ = {isa = PBXFileReference; lastKnownFileType = sourcecode.swift; path = MessagesNavigationView.swift; sourceTree = "<group>"; };
		303CE9DC2C8B5BD800E3D49B /* CreateNavigationView.swift */ = {isa = PBXFileReference; lastKnownFileType = sourcecode.swift; path = CreateNavigationView.swift; sourceTree = "<group>"; };
		303CE9DF2C8B5BEF00E3D49B /* ExploreNavigationView.swift */ = {isa = PBXFileReference; lastKnownFileType = sourcecode.swift; path = ExploreNavigationView.swift; sourceTree = "<group>"; };
/* End PBXFileReference section */

/* Begin PBXFrameworksBuildPhase section */
		303CE9AE2C8B568D00E3D49B /* Frameworks */ = {
			isa = PBXFrameworksBuildPhase;
			buildActionMask = 2147483647;
			files = (
			);
			runOnlyForDeploymentPostprocessing = 0;
		};
/* End PBXFrameworksBuildPhase section */

/* Begin PBXGroup section */
		303CE9A82C8B568D00E3D49B = {
			isa = PBXGroup;
			children = (
				303CE9B32C8B568D00E3D49B /* Squads */,
				303CE9B22C8B568D00E3D49B /* Products */,
			);
			sourceTree = "<group>";
		};
		303CE9B22C8B568D00E3D49B /* Products */ = {
			isa = PBXGroup;
			children = (
				303CE9B12C8B568D00E3D49B /* Squads.app */,
			);
			name = Products;
			sourceTree = "<group>";
		};
		303CE9B32C8B568D00E3D49B /* Squads */ = {
			isa = PBXGroup;
			children = (
				303CE9C32C8B56B100E3D49B /* Host */,
				303CE9C62C8B56CE00E3D49B /* Features */,
				303CE9C72C8B56D600E3D49B /* Foundation */,
				303CE9B82C8B568E00E3D49B /* Assets.xcassets */,
				303CE9BA2C8B568E00E3D49B /* Squads.entitlements */,
				303CE9BB2C8B568E00E3D49B /* Preview Content */,
			);
			path = Squads;
			sourceTree = "<group>";
		};
		303CE9BB2C8B568E00E3D49B /* Preview Content */ = {
			isa = PBXGroup;
			children = (
				303CE9BC2C8B568E00E3D49B /* Preview Assets.xcassets */,
			);
			path = "Preview Content";
			sourceTree = "<group>";
		};
		303CE9C32C8B56B100E3D49B /* Host */ = {
			isa = PBXGroup;
			children = (
				303CE9C52C8B56BF00E3D49B /* App */,
				303CE9C42C8B56B700E3D49B /* Navigation */,
			);
			path = Host;
			sourceTree = "<group>";
		};
		303CE9C42C8B56B700E3D49B /* Navigation */ = {
			isa = PBXGroup;
			children = (
				303CE9D72C8B5BA400E3D49B /* ProfileNavigation */,
				303CE9D62C8B5B9600E3D49B /* MessagesNavigation */,
				303CE9D52C8B5B8900E3D49B /* CreateNavigation */,
				303CE9D42C8B5B7F00E3D49B /* ExploreNavigation */,
				303CE9D12C8B59F700E3D49B /* SquadsNavigation */,
				303CE9C92C8B58A000E3D49B /* ContentView */,
				303CE9C82C8B589800E3D49B /* RootTab */,
			);
			path = Navigation;
			sourceTree = "<group>";
		};
		303CE9C52C8B56BF00E3D49B /* App */ = {
			isa = PBXGroup;
			children = (
				303CE9B42C8B568D00E3D49B /* SquadsApp.swift */,
			);
			path = App;
			sourceTree = "<group>";
		};
		303CE9C62C8B56CE00E3D49B /* Features */ = {
			isa = PBXGroup;
			children = (
			);
			path = Features;
			sourceTree = "<group>";
		};
		303CE9C72C8B56D600E3D49B /* Foundation */ = {
			isa = PBXGroup;
			children = (
			);
			path = Foundation;
			sourceTree = "<group>";
		};
		303CE9C82C8B589800E3D49B /* RootTab */ = {
			isa = PBXGroup;
			children = (
				303CE9CC2C8B58D800E3D49B /* RootTabView.swift */,
				303CE9CE2C8B590600E3D49B /* RootTabItem.swift */,
			);
			path = RootTab;
			sourceTree = "<group>";
		};
		303CE9C92C8B58A000E3D49B /* ContentView */ = {
			isa = PBXGroup;
			children = (
				303CE9CA2C8B58B800E3D49B /* ContentView.swift */,
			);
			path = ContentView;
			sourceTree = "<group>";
		};
		303CE9D12C8B59F700E3D49B /* SquadsNavigation */ = {
			isa = PBXGroup;
			children = (
				303CE9D22C8B5A0F00E3D49B /* SquadsNavigationView.swift */,
			);
			path = SquadsNavigation;
			sourceTree = "<group>";
		};
		303CE9D42C8B5B7F00E3D49B /* ExploreNavigation */ = {
			isa = PBXGroup;
			children = (
				303CE9DF2C8B5BEF00E3D49B /* ExploreNavigationView.swift */,
			);
			path = ExploreNavigation;
			sourceTree = "<group>";
		};
		303CE9D52C8B5B8900E3D49B /* CreateNavigation */ = {
			isa = PBXGroup;
			children = (
				303CE9DC2C8B5BD800E3D49B /* CreateNavigationView.swift */,
			);
			path = CreateNavigation;
			sourceTree = "<group>";
		};
		303CE9D62C8B5B9600E3D49B /* MessagesNavigation */ = {
			isa = PBXGroup;
			children = (
				303CE9DA2C8B5BC700E3D49B /* MessagesNavigationView.swift */,
			);
			path = MessagesNavigation;
			sourceTree = "<group>";
		};
		303CE9D72C8B5BA400E3D49B /* ProfileNavigation */ = {
			isa = PBXGroup;
			children = (
				303CE9D82C8B5BB900E3D49B /* ProfileNavigationView.swift */,
			);
			path = ProfileNavigation;
			sourceTree = "<group>";
		};
/* End PBXGroup section */

/* Begin PBXNativeTarget section */
		303CE9B02C8B568D00E3D49B /* Squads */ = {
			isa = PBXNativeTarget;
			buildConfigurationList = 303CE9C02C8B568E00E3D49B /* Build configuration list for PBXNativeTarget "Squads" */;
			buildPhases = (
				303CE9AD2C8B568D00E3D49B /* Sources */,
				303CE9AE2C8B568D00E3D49B /* Frameworks */,
				303CE9AF2C8B568D00E3D49B /* Resources */,
				303CE9D02C8B593700E3D49B /* ShellScript */,
			);
			buildRules = (
			);
			dependencies = (
			);
			name = Squads;
			productName = Squads;
			productReference = 303CE9B12C8B568D00E3D49B /* Squads.app */;
			productType = "com.apple.product-type.application";
		};
/* End PBXNativeTarget section */

/* Begin PBXProject section */
		303CE9A92C8B568D00E3D49B /* Project object */ = {
			isa = PBXProject;
			attributes = {
				BuildIndependentTargetsInParallel = 1;
				LastSwiftUpdateCheck = 1540;
				LastUpgradeCheck = 1540;
				TargetAttributes = {
					303CE9B02C8B568D00E3D49B = {
						CreatedOnToolsVersion = 15.4;
					};
				};
			};
			buildConfigurationList = 303CE9AC2C8B568D00E3D49B /* Build configuration list for PBXProject "Squads" */;
			compatibilityVersion = "Xcode 14.0";
			developmentRegion = en;
			hasScannedForEncodings = 0;
			knownRegions = (
				en,
				Base,
			);
			mainGroup = 303CE9A82C8B568D00E3D49B;
			productRefGroup = 303CE9B22C8B568D00E3D49B /* Products */;
			projectDirPath = "";
			projectRoot = "";
			targets = (
				303CE9B02C8B568D00E3D49B /* Squads */,
			);
		};
/* End PBXProject section */

/* Begin PBXResourcesBuildPhase section */
		303CE9AF2C8B568D00E3D49B /* Resources */ = {
			isa = PBXResourcesBuildPhase;
			buildActionMask = 2147483647;
			files = (
				303CE9BD2C8B568E00E3D49B /* Preview Assets.xcassets in Resources */,
				303CE9B92C8B568E00E3D49B /* Assets.xcassets in Resources */,
			);
			runOnlyForDeploymentPostprocessing = 0;
		};
/* End PBXResourcesBuildPhase section */

/* Begin PBXShellScriptBuildPhase section */
		303CE9D02C8B593700E3D49B /* ShellScript */ = {
			isa = PBXShellScriptBuildPhase;
			alwaysOutOfDate = 1;
			buildActionMask = 2147483647;
			files = (
			);
			inputFileListPaths = (
			);
			inputPaths = (
			);
			outputFileListPaths = (
			);
			outputPaths = (
			);
			runOnlyForDeploymentPostprocessing = 0;
			shellPath = /bin/sh;
			shellScript = "export PATH=\"$PATH:/opt/homebrew/bin\"\nif which swiftlint > /dev/null; then\n  swiftlint\nelse\n  echo \"warning: SwiftLint not installed, download from https://github.com/realm/SwiftLint\"\nfi\n";
		};
/* End PBXShellScriptBuildPhase section */

/* Begin PBXSourcesBuildPhase section */
		303CE9AD2C8B568D00E3D49B /* Sources */ = {
			isa = PBXSourcesBuildPhase;
			buildActionMask = 2147483647;
			files = (
				303CE9D32C8B5A0F00E3D49B /* SquadsNavigationView.swift in Sources */,
				303CE9B52C8B568D00E3D49B /* SquadsApp.swift in Sources */,
				303CE9CD2C8B58D800E3D49B /* RootTabView.swift in Sources */,
				303CE9CF2C8B590600E3D49B /* RootTabItem.swift in Sources */,
				303CE9DD2C8B5BD800E3D49B /* CreateNavigationView.swift in Sources */,
				303CE9E02C8B5BEF00E3D49B /* ExploreNavigationView.swift in Sources */,
				303CE9D92C8B5BB900E3D49B /* ProfileNavigationView.swift in Sources */,
				303CE9DB2C8B5BC700E3D49B /* MessagesNavigationView.swift in Sources */,
				303CE9CB2C8B58B800E3D49B /* ContentView.swift in Sources */,
			);
			runOnlyForDeploymentPostprocessing = 0;
		};
/* End PBXSourcesBuildPhase section */

/* Begin XCBuildConfiguration section */
		303CE9BE2C8B568E00E3D49B /* Debug */ = {
			isa = XCBuildConfiguration;
			buildSettings = {
				ALWAYS_SEARCH_USER_PATHS = NO;
				ASSETCATALOG_COMPILER_GENERATE_SWIFT_ASSET_SYMBOL_EXTENSIONS = YES;
				CLANG_ANALYZER_NONNULL = YES;
				CLANG_ANALYZER_NUMBER_OBJECT_CONVERSION = YES_AGGRESSIVE;
				CLANG_CXX_LANGUAGE_STANDARD = "gnu++20";
				CLANG_ENABLE_MODULES = YES;
				CLANG_ENABLE_OBJC_ARC = YES;
				CLANG_ENABLE_OBJC_WEAK = YES;
				CLANG_WARN_BLOCK_CAPTURE_AUTORELEASING = YES;
				CLANG_WARN_BOOL_CONVERSION = YES;
				CLANG_WARN_COMMA = YES;
				CLANG_WARN_CONSTANT_CONVERSION = YES;
				CLANG_WARN_DEPRECATED_OBJC_IMPLEMENTATIONS = YES;
				CLANG_WARN_DIRECT_OBJC_ISA_USAGE = YES_ERROR;
				CLANG_WARN_DOCUMENTATION_COMMENTS = YES;
				CLANG_WARN_EMPTY_BODY = YES;
				CLANG_WARN_ENUM_CONVERSION = YES;
				CLANG_WARN_INFINITE_RECURSION = YES;
				CLANG_WARN_INT_CONVERSION = YES;
				CLANG_WARN_NON_LITERAL_NULL_CONVERSION = YES;
				CLANG_WARN_OBJC_IMPLICIT_RETAIN_SELF = YES;
				CLANG_WARN_OBJC_LITERAL_CONVERSION = YES;
				CLANG_WARN_OBJC_ROOT_CLASS = YES_ERROR;
				CLANG_WARN_QUOTED_INCLUDE_IN_FRAMEWORK_HEADER = YES;
				CLANG_WARN_RANGE_LOOP_ANALYSIS = YES;
				CLANG_WARN_STRICT_PROTOTYPES = YES;
				CLANG_WARN_SUSPICIOUS_MOVE = YES;
				CLANG_WARN_UNGUARDED_AVAILABILITY = YES_AGGRESSIVE;
				CLANG_WARN_UNREACHABLE_CODE = YES;
				CLANG_WARN__DUPLICATE_METHOD_MATCH = YES;
				COPY_PHASE_STRIP = NO;
				DEBUG_INFORMATION_FORMAT = dwarf;
				ENABLE_STRICT_OBJC_MSGSEND = YES;
				ENABLE_TESTABILITY = YES;
				ENABLE_USER_SCRIPT_SANDBOXING = NO;
				GCC_C_LANGUAGE_STANDARD = gnu17;
				GCC_DYNAMIC_NO_PIC = NO;
				GCC_NO_COMMON_BLOCKS = YES;
				GCC_OPTIMIZATION_LEVEL = 0;
				GCC_PREPROCESSOR_DEFINITIONS = (
					"DEBUG=1",
					"$(inherited)",
				);
				GCC_WARN_64_TO_32_BIT_CONVERSION = YES;
				GCC_WARN_ABOUT_RETURN_TYPE = YES_ERROR;
				GCC_WARN_UNDECLARED_SELECTOR = YES;
				GCC_WARN_UNINITIALIZED_AUTOS = YES_AGGRESSIVE;
				GCC_WARN_UNUSED_FUNCTION = YES;
				GCC_WARN_UNUSED_VARIABLE = YES;
				LOCALIZATION_PREFERS_STRING_CATALOGS = YES;
				MTL_ENABLE_DEBUG_INFO = INCLUDE_SOURCE;
				MTL_FAST_MATH = YES;
				ONLY_ACTIVE_ARCH = YES;
				SWIFT_ACTIVE_COMPILATION_CONDITIONS = "DEBUG $(inherited)";
				SWIFT_OPTIMIZATION_LEVEL = "-Onone";
			};
			name = Debug;
		};
		303CE9BF2C8B568E00E3D49B /* Release */ = {
			isa = XCBuildConfiguration;
			buildSettings = {
				ALWAYS_SEARCH_USER_PATHS = NO;
				ASSETCATALOG_COMPILER_GENERATE_SWIFT_ASSET_SYMBOL_EXTENSIONS = YES;
				CLANG_ANALYZER_NONNULL = YES;
				CLANG_ANALYZER_NUMBER_OBJECT_CONVERSION = YES_AGGRESSIVE;
				CLANG_CXX_LANGUAGE_STANDARD = "gnu++20";
				CLANG_ENABLE_MODULES = YES;
				CLANG_ENABLE_OBJC_ARC = YES;
				CLANG_ENABLE_OBJC_WEAK = YES;
				CLANG_WARN_BLOCK_CAPTURE_AUTORELEASING = YES;
				CLANG_WARN_BOOL_CONVERSION = YES;
				CLANG_WARN_COMMA = YES;
				CLANG_WARN_CONSTANT_CONVERSION = YES;
				CLANG_WARN_DEPRECATED_OBJC_IMPLEMENTATIONS = YES;
				CLANG_WARN_DIRECT_OBJC_ISA_USAGE = YES_ERROR;
				CLANG_WARN_DOCUMENTATION_COMMENTS = YES;
				CLANG_WARN_EMPTY_BODY = YES;
				CLANG_WARN_ENUM_CONVERSION = YES;
				CLANG_WARN_INFINITE_RECURSION = YES;
				CLANG_WARN_INT_CONVERSION = YES;
				CLANG_WARN_NON_LITERAL_NULL_CONVERSION = YES;
				CLANG_WARN_OBJC_IMPLICIT_RETAIN_SELF = YES;
				CLANG_WARN_OBJC_LITERAL_CONVERSION = YES;
				CLANG_WARN_OBJC_ROOT_CLASS = YES_ERROR;
				CLANG_WARN_QUOTED_INCLUDE_IN_FRAMEWORK_HEADER = YES;
				CLANG_WARN_RANGE_LOOP_ANALYSIS = YES;
				CLANG_WARN_STRICT_PROTOTYPES = YES;
				CLANG_WARN_SUSPICIOUS_MOVE = YES;
				CLANG_WARN_UNGUARDED_AVAILABILITY = YES_AGGRESSIVE;
				CLANG_WARN_UNREACHABLE_CODE = YES;
				CLANG_WARN__DUPLICATE_METHOD_MATCH = YES;
				COPY_PHASE_STRIP = NO;
				DEBUG_INFORMATION_FORMAT = "dwarf-with-dsym";
				ENABLE_NS_ASSERTIONS = NO;
				ENABLE_STRICT_OBJC_MSGSEND = YES;
				ENABLE_USER_SCRIPT_SANDBOXING = NO;
				GCC_C_LANGUAGE_STANDARD = gnu17;
				GCC_NO_COMMON_BLOCKS = YES;
				GCC_WARN_64_TO_32_BIT_CONVERSION = YES;
				GCC_WARN_ABOUT_RETURN_TYPE = YES_ERROR;
				GCC_WARN_UNDECLARED_SELECTOR = YES;
				GCC_WARN_UNINITIALIZED_AUTOS = YES_AGGRESSIVE;
				GCC_WARN_UNUSED_FUNCTION = YES;
				GCC_WARN_UNUSED_VARIABLE = YES;
				LOCALIZATION_PREFERS_STRING_CATALOGS = YES;
				MTL_ENABLE_DEBUG_INFO = NO;
				MTL_FAST_MATH = YES;
				SWIFT_COMPILATION_MODE = wholemodule;
			};
			name = Release;
		};
		303CE9C12C8B568E00E3D49B /* Debug */ = {
			isa = XCBuildConfiguration;
			buildSettings = {
				ASSETCATALOG_COMPILER_APPICON_NAME = AppIcon;
				ASSETCATALOG_COMPILER_GLOBAL_ACCENT_COLOR_NAME = AccentColor;
				CODE_SIGN_ENTITLEMENTS = Squads/Squads.entitlements;
				CODE_SIGN_STYLE = Automatic;
				CURRENT_PROJECT_VERSION = 1;
				DEVELOPMENT_ASSET_PATHS = "\"Squads/Preview Content\"";
				DEVELOPMENT_TEAM = V4S9T439T7;
				ENABLE_HARDENED_RUNTIME = YES;
				ENABLE_PREVIEWS = YES;
				GENERATE_INFOPLIST_FILE = YES;
				"INFOPLIST_KEY_UIApplicationSceneManifest_Generation[sdk=iphoneos*]" = YES;
				"INFOPLIST_KEY_UIApplicationSceneManifest_Generation[sdk=iphonesimulator*]" = YES;
				"INFOPLIST_KEY_UIApplicationSupportsIndirectInputEvents[sdk=iphoneos*]" = YES;
				"INFOPLIST_KEY_UIApplicationSupportsIndirectInputEvents[sdk=iphonesimulator*]" = YES;
				"INFOPLIST_KEY_UILaunchScreen_Generation[sdk=iphoneos*]" = YES;
				"INFOPLIST_KEY_UILaunchScreen_Generation[sdk=iphonesimulator*]" = YES;
				"INFOPLIST_KEY_UIStatusBarStyle[sdk=iphoneos*]" = UIStatusBarStyleDefault;
				"INFOPLIST_KEY_UIStatusBarStyle[sdk=iphonesimulator*]" = UIStatusBarStyleDefault;
				INFOPLIST_KEY_UISupportedInterfaceOrientations_iPad = "UIInterfaceOrientationPortrait UIInterfaceOrientationPortraitUpsideDown UIInterfaceOrientationLandscapeLeft UIInterfaceOrientationLandscapeRight";
				INFOPLIST_KEY_UISupportedInterfaceOrientations_iPhone = "UIInterfaceOrientationPortrait UIInterfaceOrientationLandscapeLeft UIInterfaceOrientationLandscapeRight";
				IPHONEOS_DEPLOYMENT_TARGET = 15.0;
				LD_RUNPATH_SEARCH_PATHS = "@executable_path/Frameworks";
				"LD_RUNPATH_SEARCH_PATHS[sdk=macosx*]" = "@executable_path/../Frameworks";
				MACOSX_DEPLOYMENT_TARGET = 14.5;
				MARKETING_VERSION = 1.0;
				PRODUCT_BUNDLE_IDENTIFIER = com.seansiggard.Squads;
				PRODUCT_NAME = "$(TARGET_NAME)";
				SDKROOT = auto;
				SUPPORTED_PLATFORMS = "iphoneos iphonesimulator macosx";
				SWIFT_EMIT_LOC_STRINGS = YES;
				SWIFT_VERSION = 5.0;
				TARGETED_DEVICE_FAMILY = "1,2";
			};
			name = Debug;
		};
		303CE9C22C8B568E00E3D49B /* Release */ = {
			isa = XCBuildConfiguration;
			buildSettings = {
				ASSETCATALOG_COMPILER_APPICON_NAME = AppIcon;
				ASSETCATALOG_COMPILER_GLOBAL_ACCENT_COLOR_NAME = AccentColor;
				CODE_SIGN_ENTITLEMENTS = Squads/Squads.entitlements;
				CODE_SIGN_STYLE = Automatic;
				CURRENT_PROJECT_VERSION = 1;
				DEVELOPMENT_ASSET_PATHS = "\"Squads/Preview Content\"";
				DEVELOPMENT_TEAM = V4S9T439T7;
				ENABLE_HARDENED_RUNTIME = YES;
				ENABLE_PREVIEWS = YES;
				GENERATE_INFOPLIST_FILE = YES;
				"INFOPLIST_KEY_UIApplicationSceneManifest_Generation[sdk=iphoneos*]" = YES;
				"INFOPLIST_KEY_UIApplicationSceneManifest_Generation[sdk=iphonesimulator*]" = YES;
				"INFOPLIST_KEY_UIApplicationSupportsIndirectInputEvents[sdk=iphoneos*]" = YES;
				"INFOPLIST_KEY_UIApplicationSupportsIndirectInputEvents[sdk=iphonesimulator*]" = YES;
				"INFOPLIST_KEY_UILaunchScreen_Generation[sdk=iphoneos*]" = YES;
				"INFOPLIST_KEY_UILaunchScreen_Generation[sdk=iphonesimulator*]" = YES;
				"INFOPLIST_KEY_UIStatusBarStyle[sdk=iphoneos*]" = UIStatusBarStyleDefault;
				"INFOPLIST_KEY_UIStatusBarStyle[sdk=iphonesimulator*]" = UIStatusBarStyleDefault;
				INFOPLIST_KEY_UISupportedInterfaceOrientations_iPad = "UIInterfaceOrientationPortrait UIInterfaceOrientationPortraitUpsideDown UIInterfaceOrientationLandscapeLeft UIInterfaceOrientationLandscapeRight";
				INFOPLIST_KEY_UISupportedInterfaceOrientations_iPhone = "UIInterfaceOrientationPortrait UIInterfaceOrientationLandscapeLeft UIInterfaceOrientationLandscapeRight";
				IPHONEOS_DEPLOYMENT_TARGET = 15.0;
				LD_RUNPATH_SEARCH_PATHS = "@executable_path/Frameworks";
				"LD_RUNPATH_SEARCH_PATHS[sdk=macosx*]" = "@executable_path/../Frameworks";
				MACOSX_DEPLOYMENT_TARGET = 14.5;
				MARKETING_VERSION = 1.0;
				PRODUCT_BUNDLE_IDENTIFIER = com.seansiggard.Squads;
				PRODUCT_NAME = "$(TARGET_NAME)";
				SDKROOT = auto;
				SUPPORTED_PLATFORMS = "iphoneos iphonesimulator macosx";
				SWIFT_EMIT_LOC_STRINGS = YES;
				SWIFT_VERSION = 5.0;
				TARGETED_DEVICE_FAMILY = "1,2";
			};
			name = Release;
		};
/* End XCBuildConfiguration section */

/* Begin XCConfigurationList section */
		303CE9AC2C8B568D00E3D49B /* Build configuration list for PBXProject "Squads" */ = {
			isa = XCConfigurationList;
			buildConfigurations = (
				303CE9BE2C8B568E00E3D49B /* Debug */,
				303CE9BF2C8B568E00E3D49B /* Release */,
			);
			defaultConfigurationIsVisible = 0;
			defaultConfigurationName = Release;
		};
		303CE9C02C8B568E00E3D49B /* Build configuration list for PBXNativeTarget "Squads" */ = {
			isa = XCConfigurationList;
			buildConfigurations = (
				303CE9C12C8B568E00E3D49B /* Debug */,
				303CE9C22C8B568E00E3D49B /* Release */,
			);
			defaultConfigurationIsVisible = 0;
			defaultConfigurationName = Release;
		};
/* End XCConfigurationList section */
	};
	rootObject = 303CE9A92C8B568D00E3D49B /* Project object */;
}
